
Microsoft Visual Studio Solution File, Format Version 12.00
# Visual Studio Version 16
VisualStudioVersion = 16.0.30517.126
MinimumVisualStudioVersion = 10.0.40219.1
Project("{FAE04EC0-301F-11D3-BF4B-00C04F79EFBC}") = "Tower Of Hanoi", "Tower Of Hanoi.csproj", "{DA53823C-3AE7-46FE-BD9A-62D36A334672}"
EndProject
Global
	GlobalSection(SolutionConfigurationPlatforms) = preSolution
		Debug|Any CPU = Debug|Any CPU
		Release|Any CPU = Release|Any CPU
	EndGlobalSection
	GlobalSection(ProjectConfigurationPlatforms) = postSolution
		{DA53823C-3AE7-46FE-BD9A-62D36A334672}.Debug|Any CPU.ActiveCfg = Debug|Any CPU
		{DA53823C-3AE7-46FE-BD9A-62D36A334672}.Debug|Any CPU.Build.0 = Debug|Any CPU
		{DA53823C-3AE7-46FE-BD9A-62D36A334672}.Release|Any CPU.ActiveCfg = Release|Any CPU
		{DA53823C-3AE7-46FE-BD9A-62D36A334672}.Release|Any CPU.Build.0 = Release|Any CPU
	EndGlobalSection
	GlobalSection(SolutionProperties) = preSolution
		HideSolutionNode = FALSE
	EndGlobalSection
	GlobalSection(ExtensibilityGlobals) = postSolution
		SolutionGuid = {AA4447C3-494B-4C25-AF28-1F8F641BA735}
	EndGlobalSection
EndGlobal
